
Microsoft Visual Studio Solution File, Format Version 12.00
# Visual Studio Version 16
VisualStudioVersion = 16.0.31005.135
MinimumVisualStudioVersion = 10.0.40219.1
Project("{FAE04EC0-301F-11D3-BF4B-00C04F79EFBC}") = "TailTalks", "TailTalks.csproj", "{12FF2B17-F6DB-483B-96AE-9EE8BFF5442E}"
EndProject
Global
	GlobalSection(SolutionConfigurationPlatforms) = preSolution
		Debug|Any CPU = Debug|Any CPU
		Release|Any CPU = Release|Any CPU
	EndGlobalSection
	GlobalSection(ProjectConfigurationPlatforms) = postSolution
		{12FF2B17-F6DB-483B-96AE-9EE8BFF5442E}.Debug|Any CPU.ActiveCfg = Debug|Any CPU
		{12FF2B17-F6DB-483B-96AE-9EE8BFF5442E}.Debug|Any CPU.Build.0 = Debug|Any CPU
		{12FF2B17-F6DB-483B-96AE-9EE8BFF5442E}.Release|Any CPU.ActiveCfg = Release|Any CPU
		{12FF2B17-F6DB-483B-96AE-9EE8BFF5442E}.Release|Any CPU.Build.0 = Release|Any CPU
	EndGlobalSection
	GlobalSection(SolutionProperties) = preSolution
		HideSolutionNode = FALSE
	EndGlobalSection
	GlobalSection(ExtensibilityGlobals) = postSolution
		SolutionGuid = {0FB6D49C-754F-41F0-B0F6-E776CD553493}
	EndGlobalSection
EndGlobal
